
Microsoft Visual Studio Solution File, Format Version 12.00
# Visual Studio Version 17
VisualStudioVersion = 17.11.35327.3
MinimumVisualStudioVersion = 10.0.40219.1
Project("{8BC9CEB8-8B4A-11D0-8D11-00A0C91BC942}") = "Program", "Program.vcxproj", "{F322AC30-469B-4FBE-95A5-232F5922E5D0}"
EndProject
Project("{8BC9CEB8-8B4A-11D0-8D11-00A0C91BC942}") = "Class1th (Time Complexity & Space Complexity)", "..\Class1th (Time Complexity & Space Complexity)\Class1th (Time Complexity & Space Complexity).vcxproj", "{AADF7992-3207-42D5-BA0D-06304B66E004}"
EndProject
Project("{8BC9CEB8-8B4A-11D0-8D11-00A0C91BC942}") = "Class2th (Brute Force)", "..\Class2th (Brute Force)\Class2th (Brute Force).vcxproj", "{2357605A-DFBF-4B8D-BB11-B0DB5EDDC23B}"
EndProject
Project("{8BC9CEB8-8B4A-11D0-8D11-00A0C91BC942}") = "Class3th (Bubble Sort)", "..\Class3th (Bubble Sort)\Class3th (Bubble Sort).vcxproj", "{BA92272F-9683-4468-A044-382B9F54EE6B}"
EndProject
Project("{8BC9CEB8-8B4A-11D0-8D11-00A0C91BC942}") = "Class3th (Sellect Sort)", "..\Class3th (Sellect Sort)\Class3th (Sellect Sort).vcxproj", "{4F76DB7E-9F00-446B-AE0D-42E91CC40B93}"
EndProject
Project("{8BC9CEB8-8B4A-11D0-8D11-00A0C91BC942}") = "Class5th (Insert Sort)", "..\Class5th (Insert Sort)\Class5th (Insert Sort).vcxproj", "{39769E10-3C9E-4226-AF1B-0A550E30CACC}"
EndProject
Project("{8BC9CEB8-8B4A-11D0-8D11-00A0C91BC942}") = "Class6th (Euclidean", "..\Class6th (Euclidean\Class6th (Euclidean.vcxproj", "{B3314F8D-75C1-4F13-9D6D-AD1722183E81}"
EndProject
Project("{8BC9CEB8-8B4A-11D0-8D11-00A0C91BC942}") = "Class7th (Sieve of Eratosthenes)", "..\Class7th (Sieve of Eratosthenes)\Class7th (Sieve of Eratosthenes).vcxproj", "{687B7731-A4FB-4FC9-919C-9E58983E01F6}"
EndProject
Project("{8BC9CEB8-8B4A-11D0-8D11-00A0C91BC942}") = "Class8th (Count Sort)", "..\Class8th (Count Sort)\Class8th (Count Sort).vcxproj", "{DEEA8F7C-8394-46CC-831C-B7DF6D72394C}"
EndProject
Project("{8BC9CEB8-8B4A-11D0-8D11-00A0C91BC942}") = "Class9th (Divide and Conquer)", "..\Class9th (Divide and Conquer)\Class9th (Divide and Conquer).vcxproj", "{9CD78D7B-AD1A-408F-AEA8-2E32850DC6F9}"
EndProject
Project("{8BC9CEB8-8B4A-11D0-8D11-00A0C91BC942}") = "Class10th (Binary Search)", "..\Class10th (Binary Search)\Class10th (Binary Search).vcxproj", "{974840D7-8379-4F06-9F55-7F3E2C379911}"
EndProject
Project("{8BC9CEB8-8B4A-11D0-8D11-00A0C91BC942}") = "Class11th (Quick Sort)", "..\Class11th (Quick Sort)\Class11th (Quick Sort).vcxproj", "{E76737FD-B505-4F44-8C7F-38B606168C0B}"
EndProject
Project("{8BC9CEB8-8B4A-11D0-8D11-00A0C91BC942}") = "Class12th (Merge Sort)", "..\Class12th (Merge Sort)\Class12th (Merge Sort).vcxproj", "{F024B5A2-8445-41BD-A615-692EF8A86218}"
EndProject
Project("{8BC9CEB8-8B4A-11D0-8D11-00A0C91BC942}") = "Class13th (Dynamic Progamming)", "..\Class13th (Dynamic Progamming)\Class13th (Dynamic Progamming).vcxproj", "{D092FC8C-8D32-4754-B379-F3B5291E3686}"
EndProject
Project("{8BC9CEB8-8B4A-11D0-8D11-00A0C91BC942}") = "Class14th (Greedy)", "..\Class14th (Greedy)\Class14th (Greedy).vcxproj", "{F48BC556-DD11-433A-AA1D-D4C987ADB590}"
EndProject
Global
	GlobalSection(SolutionConfigurationPlatforms) = preSolution
		Debug|x64 = Debug|x64
		Debug|x86 = Debug|x86
		Release|x64 = Release|x64
		Release|x86 = Release|x86
	EndGlobalSection
	GlobalSection(ProjectConfigurationPlatforms) = postSolution
		{F322AC30-469B-4FBE-95A5-232F5922E5D0}.Debug|x64.ActiveCfg = Debug|x64
		{F322AC30-469B-4FBE-95A5-232F5922E5D0}.Debug|x64.Build.0 = Debug|x64
		{F322AC30-469B-4FBE-95A5-232F5922E5D0}.Debug|x86.ActiveCfg = Debug|Win32
		{F322AC30-469B-4FBE-95A5-232F5922E5D0}.Debug|x86.Build.0 = Debug|Win32
		{F322AC30-469B-4FBE-95A5-232F5922E5D0}.Release|x64.ActiveCfg = Release|x64
		{F322AC30-469B-4FBE-95A5-232F5922E5D0}.Release|x64.Build.0 = Release|x64
		{F322AC30-469B-4FBE-95A5-232F5922E5D0}.Release|x86.ActiveCfg = Release|Win32
		{F322AC30-469B-4FBE-95A5-232F5922E5D0}.Release|x86.Build.0 = Release|Win32
		{AADF7992-3207-42D5-BA0D-06304B66E004}.Debug|x64.ActiveCfg = Debug|x64
		{AADF7992-3207-42D5-BA0D-06304B66E004}.Debug|x64.Build.0 = Debug|x64
		{AADF7992-3207-42D5-BA0D-06304B66E004}.Debug|x86.ActiveCfg = Debug|Win32
		{AADF7992-3207-42D5-BA0D-06304B66E004}.Debug|x86.Build.0 = Debug|Win32
		{AADF7992-3207-42D5-BA0D-06304B66E004}.Release|x64.ActiveCfg = Release|x64
		{AADF7992-3207-42D5-BA0D-06304B66E004}.Release|x64.Build.0 = Release|x64
		{AADF7992-3207-42D5-BA0D-06304B66E004}.Release|x86.ActiveCfg = Release|Win32
		{AADF7992-3207-42D5-BA0D-06304B66E004}.Release|x86.Build.0 = Release|Win32
		{2357605A-DFBF-4B8D-BB11-B0DB5EDDC23B}.Debug|x64.ActiveCfg = Debug|x64
		{2357605A-DFBF-4B8D-BB11-B0DB5EDDC23B}.Debug|x64.Build.0 = Debug|x64
		{2357605A-DFBF-4B8D-BB11-B0DB5EDDC23B}.Debug|x86.ActiveCfg = Debug|Win32
		{2357605A-DFBF-4B8D-BB11-B0DB5EDDC23B}.Debug|x86.Build.0 = Debug|Win32
		{2357605A-DFBF-4B8D-BB11-B0DB5EDDC23B}.Release|x64.ActiveCfg = Release|x64
		{2357605A-DFBF-4B8D-BB11-B0DB5EDDC23B}.Release|x64.Build.0 = Release|x64
		{2357605A-DFBF-4B8D-BB11-B0DB5EDDC23B}.Release|x86.ActiveCfg = Release|Win32
		{2357605A-DFBF-4B8D-BB11-B0DB5EDDC23B}.Release|x86.Build.0 = Release|Win32
		{BA92272F-9683-4468-A044-382B9F54EE6B}.Debug|x64.ActiveCfg = Debug|x64
		{BA92272F-9683-4468-A044-382B9F54EE6B}.Debug|x64.Build.0 = Debug|x64
		{BA92272F-9683-4468-A044-382B9F54EE6B}.Debug|x86.ActiveCfg = Debug|Win32
		{BA92272F-9683-4468-A044-382B9F54EE6B}.Debug|x86.Build.0 = Debug|Win32
		{BA92272F-9683-4468-A044-382B9F54EE6B}.Release|x64.ActiveCfg = Release|x64
		{BA92272F-9683-4468-A044-382B9F54EE6B}.Release|x64.Build.0 = Release|x64
		{BA92272F-9683-4468-A044-382B9F54EE6B}.Release|x86.ActiveCfg = Release|Win32
		{BA92272F-9683-4468-A044-382B9F54EE6B}.Release|x86.Build.0 = Release|Win32
		{4F76DB7E-9F00-446B-AE0D-42E91CC40B93}.Debug|x64.ActiveCfg = Debug|x64
		{4F76DB7E-9F00-446B-AE0D-42E91CC40B93}.Debug|x64.Build.0 = Debug|x64
		{4F76DB7E-9F00-446B-AE0D-42E91CC40B93}.Debug|x86.ActiveCfg = Debug|Win32
		{4F76DB7E-9F00-446B-AE0D-42E91CC40B93}.Debug|x86.Build.0 = Debug|Win32
		{4F76DB7E-9F00-446B-AE0D-42E91CC40B93}.Release|x64.ActiveCfg = Release|x64
		{4F76DB7E-9F00-446B-AE0D-42E91CC40B93}.Release|x64.Build.0 = Release|x64
		{4F76DB7E-9F00-446B-AE0D-42E91CC40B93}.Release|x86.ActiveCfg = Release|Win32
		{4F76DB7E-9F00-446B-AE0D-42E91CC40B93}.Release|x86.Build.0 = Release|Win32
		{39769E10-3C9E-4226-AF1B-0A550E30CACC}.Debug|x64.ActiveCfg = Debug|x64
		{39769E10-3C9E-4226-AF1B-0A550E30CACC}.Debug|x64.Build.0 = Debug|x64
		{39769E10-3C9E-4226-AF1B-0A550E30CACC}.Debug|x86.ActiveCfg = Debug|Win32
		{39769E10-3C9E-4226-AF1B-0A550E30CACC}.Debug|x86.Build.0 = Debug|Win32
		{39769E10-3C9E-4226-AF1B-0A550E30CACC}.Release|x64.ActiveCfg = Release|x64
		{39769E10-3C9E-4226-AF1B-0A550E30CACC}.Release|x64.Build.0 = Release|x64
		{39769E10-3C9E-4226-AF1B-0A550E30CACC}.Release|x86.ActiveCfg = Release|Win32
		{39769E10-3C9E-4226-AF1B-0A550E30CACC}.Release|x86.Build.0 = Release|Win32
		{B3314F8D-75C1-4F13-9D6D-AD1722183E81}.Debug|x64.ActiveCfg = Debug|x64
		{B3314F8D-75C1-4F13-9D6D-AD1722183E81}.Debug|x64.Build.0 = Debug|x64
		{B3314F8D-75C1-4F13-9D6D-AD1722183E81}.Debug|x86.ActiveCfg = Debug|Win32
		{B3314F8D-75C1-4F13-9D6D-AD1722183E81}.Debug|x86.Build.0 = Debug|Win32
		{B3314F8D-75C1-4F13-9D6D-AD1722183E81}.Release|x64.ActiveCfg = Release|x64
		{B3314F8D-75C1-4F13-9D6D-AD1722183E81}.Release|x64.Build.0 = Release|x64
		{B3314F8D-75C1-4F13-9D6D-AD1722183E81}.Release|x86.ActiveCfg = Release|Win32
		{B3314F8D-75C1-4F13-9D6D-AD1722183E81}.Release|x86.Build.0 = Release|Win32
		{687B7731-A4FB-4FC9-919C-9E58983E01F6}.Debug|x64.ActiveCfg = Debug|x64
		{687B7731-A4FB-4FC9-919C-9E58983E01F6}.Debug|x64.Build.0 = Debug|x64
		{687B7731-A4FB-4FC9-919C-9E58983E01F6}.Debug|x86.ActiveCfg = Debug|Win32
		{687B7731-A4FB-4FC9-919C-9E58983E01F6}.Debug|x86.Build.0 = Debug|Win32
		{687B7731-A4FB-4FC9-919C-9E58983E01F6}.Release|x64.ActiveCfg = Release|x64
		{687B7731-A4FB-4FC9-919C-9E58983E01F6}.Release|x64.Build.0 = Release|x64
		{687B7731-A4FB-4FC9-919C-9E58983E01F6}.Release|x86.ActiveCfg = Release|Win32
		{687B7731-A4FB-4FC9-919C-9E58983E01F6}.Release|x86.Build.0 = Release|Win32
		{DEEA8F7C-8394-46CC-831C-B7DF6D72394C}.Debug|x64.ActiveCfg = Debug|x64
		{DEEA8F7C-8394-46CC-831C-B7DF6D72394C}.Debug|x64.Build.0 = Debug|x64
		{DEEA8F7C-8394-46CC-831C-B7DF6D72394C}.Debug|x86.ActiveCfg = Debug|Win32
		{DEEA8F7C-8394-46CC-831C-B7DF6D72394C}.Debug|x86.Build.0 = Debug|Win32
		{DEEA8F7C-8394-46CC-831C-B7DF6D72394C}.Release|x64.ActiveCfg = Release|x64
		{DEEA8F7C-8394-46CC-831C-B7DF6D72394C}.Release|x64.Build.0 = Release|x64
		{DEEA8F7C-8394-46CC-831C-B7DF6D72394C}.Release|x86.ActiveCfg = Release|Win32
		{DEEA8F7C-8394-46CC-831C-B7DF6D72394C}.Release|x86.Build.0 = Release|Win32
		{9CD78D7B-AD1A-408F-AEA8-2E32850DC6F9}.Debug|x64.ActiveCfg = Debug|x64
		{9CD78D7B-AD1A-408F-AEA8-2E32850DC6F9}.Debug|x64.Build.0 = Debug|x64
		{9CD78D7B-AD1A-408F-AEA8-2E32850DC6F9}.Debug|x86.ActiveCfg = Debug|Win32
		{9CD78D7B-AD1A-408F-AEA8-2E32850DC6F9}.Debug|x86.Build.0 = Debug|Win32
		{9CD78D7B-AD1A-408F-AEA8-2E32850DC6F9}.Release|x64.ActiveCfg = Release|x64
		{9CD78D7B-AD1A-408F-AEA8-2E32850DC6F9}.Release|x64.Build.0 = Release|x64
		{9CD78D7B-AD1A-408F-AEA8-2E32850DC6F9}.Release|x86.ActiveCfg = Release|Win32
		{9CD78D7B-AD1A-408F-AEA8-2E32850DC6F9}.Release|x86.Build.0 = Release|Win32
		{974840D7-8379-4F06-9F55-7F3E2C379911}.Debug|x64.ActiveCfg = Debug|x64
		{974840D7-8379-4F06-9F55-7F3E2C379911}.Debug|x64.Build.0 = Debug|x64
		{974840D7-8379-4F06-9F55-7F3E2C379911}.Debug|x86.ActiveCfg = Debug|Win32
		{974840D7-8379-4F06-9F55-7F3E2C379911}.Debug|x86.Build.0 = Debug|Win32
		{974840D7-8379-4F06-9F55-7F3E2C379911}.Release|x64.ActiveCfg = Release|x64
		{974840D7-8379-4F06-9F55-7F3E2C379911}.Release|x64.Build.0 = Release|x64
		{974840D7-8379-4F06-9F55-7F3E2C379911}.Release|x86.ActiveCfg = Release|Win32
		{974840D7-8379-4F06-9F55-7F3E2C379911}.Release|x86.Build.0 = Release|Win32
		{E76737FD-B505-4F44-8C7F-38B606168C0B}.Debug|x64.ActiveCfg = Debug|x64
		{E76737FD-B505-4F44-8C7F-38B606168C0B}.Debug|x64.Build.0 = Debug|x64
		{E76737FD-B505-4F44-8C7F-38B606168C0B}.Debug|x86.ActiveCfg = Debug|Win32
		{E76737FD-B505-4F44-8C7F-38B606168C0B}.Debug|x86.Build.0 = Debug|Win32
		{E76737FD-B505-4F44-8C7F-38B606168C0B}.Release|x64.ActiveCfg = Release|x64
		{E76737FD-B505-4F44-8C7F-38B606168C0B}.Release|x64.Build.0 = Release|x64
		{E76737FD-B505-4F44-8C7F-38B606168C0B}.Release|x86.ActiveCfg = Release|Win32
		{E76737FD-B505-4F44-8C7F-38B606168C0B}.Release|x86.Build.0 = Release|Win32
		{F024B5A2-8445-41BD-A615-692EF8A86218}.Debug|x64.ActiveCfg = Debug|x64
		{F024B5A2-8445-41BD-A615-692EF8A86218}.Debug|x64.Build.0 = Debug|x64
		{F024B5A2-8445-41BD-A615-692EF8A86218}.Debug|x86.ActiveCfg = Debug|Win32
		{F024B5A2-8445-41BD-A615-692EF8A86218}.Debug|x86.Build.0 = Debug|Win32
		{F024B5A2-8445-41BD-A615-692EF8A86218}.Release|x64.ActiveCfg = Release|x64
		{F024B5A2-8445-41BD-A615-692EF8A86218}.Release|x64.Build.0 = Release|x64
		{F024B5A2-8445-41BD-A615-692EF8A86218}.Release|x86.ActiveCfg = Release|Win32
		{F024B5A2-8445-41BD-A615-692EF8A86218}.Release|x86.Build.0 = Release|Win32
		{D092FC8C-8D32-4754-B379-F3B5291E3686}.Debug|x64.ActiveCfg = Debug|x64
		{D092FC8C-8D32-4754-B379-F3B5291E3686}.Debug|x64.Build.0 = Debug|x64
		{D092FC8C-8D32-4754-B379-F3B5291E3686}.Debug|x86.ActiveCfg = Debug|Win32
		{D092FC8C-8D32-4754-B379-F3B5291E3686}.Debug|x86.Build.0 = Debug|Win32
		{D092FC8C-8D32-4754-B379-F3B5291E3686}.Release|x64.ActiveCfg = Release|x64
		{D092FC8C-8D32-4754-B379-F3B5291E3686}.Release|x64.Build.0 = Release|x64
		{D092FC8C-8D32-4754-B379-F3B5291E3686}.Release|x86.ActiveCfg = Release|Win32
		{D092FC8C-8D32-4754-B379-F3B5291E3686}.Release|x86.Build.0 = Release|Win32
		{F48BC556-DD11-433A-AA1D-D4C987ADB590}.Debug|x64.ActiveCfg = Debug|x64
		{F48BC556-DD11-433A-AA1D-D4C987ADB590}.Debug|x64.Build.0 = Debug|x64
		{F48BC556-DD11-433A-AA1D-D4C987ADB590}.Debug|x86.ActiveCfg = Debug|Win32
		{F48BC556-DD11-433A-AA1D-D4C987ADB590}.Debug|x86.Build.0 = Debug|Win32
		{F48BC556-DD11-433A-AA1D-D4C987ADB590}.Release|x64.ActiveCfg = Release|x64
		{F48BC556-DD11-433A-AA1D-D4C987ADB590}.Release|x64.Build.0 = Release|x64
		{F48BC556-DD11-433A-AA1D-D4C987ADB590}.Release|x86.ActiveCfg = Release|Win32
		{F48BC556-DD11-433A-AA1D-D4C987ADB590}.Release|x86.Build.0 = Release|Win32
	EndGlobalSection
	GlobalSection(SolutionProperties) = preSolution
		HideSolutionNode = FALSE
	EndGlobalSection
	GlobalSection(ExtensibilityGlobals) = postSolution
		SolutionGuid = {FFC21BAA-1E08-4877-98AA-3FE1716F1CC2}
	EndGlobalSection
EndGlobal
